// !$*UTF8*$!
{
	archiveVersion = 1;
	classes = {
	};
	objectVersion = 46;
	objects = {

/* Begin PBXBuildFile section */
		500B20241C4B41870002B53F /* main.m in Sources */ = {isa = PBXBuildFile; fileRef = 500B20231C4B41870002B53F /* main.m */; };
		500B20401C4B43930002B53F /* ZahnradBackend.m in Sources */ = {isa = PBXBuildFile; fileRef = 500B203F1C4B43930002B53F /* ZahnradBackend.m */; };
		500B20421C4B43A30002B53F /* zahnrad.c in Sources */ = {isa = PBXBuildFile; fileRef = 500B20411C4B43A30002B53F /* zahnrad.c */; };
		500B20481C4B43BC0002B53F /* DroidSans.ttf in Resources */ = {isa = PBXBuildFile; fileRef = 500B20441C4B43BC0002B53F /* DroidSans.ttf */; };
		500B20491C4B43BC0002B53F /* Roboto-Bold.ttf in Resources */ = {isa = PBXBuildFile; fileRef = 500B20451C4B43BC0002B53F /* Roboto-Bold.ttf */; };
		500B204A1C4B43BC0002B53F /* Roboto-Light.ttf in Resources */ = {isa = PBXBuildFile; fileRef = 500B20461C4B43BC0002B53F /* Roboto-Light.ttf */; };
		500B204B1C4B43BC0002B53F /* Roboto-Regular.ttf in Resources */ = {isa = PBXBuildFile; fileRef = 500B20471C4B43BC0002B53F /* Roboto-Regular.ttf */; };
/* End PBXBuildFile section */

/* Begin PBXFileReference section */
		500B201C1C4B41870002B53F /* Mac_GL.app */ = {isa = PBXFileReference; explicitFileType = wrapper.application; includeInIndex = 0; path = Mac_GL.app; sourceTree = BUILT_PRODUCTS_DIR; };
		500B20231C4B41870002B53F /* main.m */ = {isa = PBXFileReference; indentWidth = 4; lastKnownFileType = sourcecode.c.objc; path = main.m; sourceTree = "<group>"; tabWidth = 4; };
		500B202A1C4B41880002B53F /* Info.plist */ = {isa = PBXFileReference; lastKnownFileType = text.plist.xml; path = Info.plist; sourceTree = "<group>"; };
		500B203E1C4B43930002B53F /* ZahnradBackend.h */ = {isa = PBXFileReference; fileEncoding = 4; indentWidth = 4; lastKnownFileType = sourcecode.c.h; path = ZahnradBackend.h; sourceTree = SOURCE_ROOT; tabWidth = 4; };
		500B203F1C4B43930002B53F /* ZahnradBackend.m */ = {isa = PBXFileReference; fileEncoding = 4; indentWidth = 4; lastKnownFileType = sourcecode.c.objc; path = ZahnradBackend.m; sourceTree = SOURCE_ROOT; tabWidth = 4; };
		500B20411C4B43A30002B53F /* zahnrad.c */ = {isa = PBXFileReference; fileEncoding = 4; indentWidth = 4; lastKnownFileType = sourcecode.c.c; name = zahnrad.c; path = ../../../zahnrad.c; sourceTree = "<group>"; tabWidth = 5; };
		500B20441C4B43BC0002B53F /* DroidSans.ttf */ = {isa = PBXFileReference; lastKnownFileType = file; path = DroidSans.ttf; sourceTree = "<group>"; };
		500B20451C4B43BC0002B53F /* Roboto-Bold.ttf */ = {isa = PBXFileReference; lastKnownFileType = file; path = "Roboto-Bold.ttf"; sourceTree = "<group>"; };
		500B20461C4B43BC0002B53F /* Roboto-Light.ttf */ = {isa = PBXFileReference; lastKnownFileType = file; path = "Roboto-Light.ttf"; sourceTree = "<group>"; };
		500B20471C4B43BC0002B53F /* Roboto-Regular.ttf */ = {isa = PBXFileReference; lastKnownFileType = file; path = "Roboto-Regular.ttf"; sourceTree = "<group>"; };
/* End PBXFileReference section */

/* Begin PBXFrameworksBuildPhase section */
		500B20191C4B41870002B53F /* Frameworks */ = {
			isa = PBXFrameworksBuildPhase;
			buildActionMask = 2147483647;
			files = (
			);
			runOnlyForDeploymentPostprocessing = 0;
		};
/* End PBXFrameworksBuildPhase section */

/* Begin PBXGroup section */
		500B20131C4B41870002B53F = {
			isa = PBXGroup;
			children = (
				500B201E1C4B41870002B53F /* Mac_GL */,
				500B20431C4B43BC0002B53F /* font */,
				500B201D1C4B41870002B53F /* Products */,
			);
			sourceTree = "<group>";
		};
		500B201D1C4B41870002B53F /* Products */ = {
			isa = PBXGroup;
			children = (
				500B201C1C4B41870002B53F /* Mac_GL.app */,
			);
			name = Products;
			sourceTree = "<group>";
		};
		500B201E1C4B41870002B53F /* Mac_GL */ = {
			isa = PBXGroup;
			children = (
				500B203E1C4B43930002B53F /* ZahnradBackend.h */,
				500B203F1C4B43930002B53F /* ZahnradBackend.m */,
				500B20231C4B41870002B53F /* main.m */,
				500B20411C4B43A30002B53F /* zahnrad.c */,
				500B202A1C4B41880002B53F /* Info.plist */,
			);
			path = Mac_GL;
			sourceTree = "<group>";
		};
		500B20431C4B43BC0002B53F /* font */ = {
			isa = PBXGroup;
			children = (
				500B20441C4B43BC0002B53F /* DroidSans.ttf */,
				500B20451C4B43BC0002B53F /* Roboto-Bold.ttf */,
				500B20461C4B43BC0002B53F /* Roboto-Light.ttf */,
				500B20471C4B43BC0002B53F /* Roboto-Regular.ttf */,
			);
			name = font;
			path = ../../font;
			sourceTree = "<group>";
		};
/* End PBXGroup section */

/* Begin PBXNativeTarget section */
		500B201B1C4B41870002B53F /* Mac_GL */ = {
			isa = PBXNativeTarget;
			buildConfigurationList = 500B202D1C4B41880002B53F /* Build configuration list for PBXNativeTarget "Mac_GL" */;
			buildPhases = (
				500B20181C4B41870002B53F /* Sources */,
				500B20191C4B41870002B53F /* Frameworks */,
				500B201A1C4B41870002B53F /* Resources */,
			);
			buildRules = (
			);
			dependencies = (
			);
			name = Mac_GL;
			productName = Mac_GL;
			productReference = 500B201C1C4B41870002B53F /* Mac_GL.app */;
			productType = "com.apple.product-type.application";
		};
/* End PBXNativeTarget section */

/* Begin PBXProject section */
		500B20141C4B41870002B53F /* Project object */ = {
			isa = PBXProject;
			attributes = {
				LastUpgradeCheck = 0720;
				ORGANIZATIONNAME = richi;
				TargetAttributes = {
					500B201B1C4B41870002B53F = {
						CreatedOnToolsVersion = 7.2;
					};
				};
			};
			buildConfigurationList = 500B20171C4B41870002B53F /* Build configuration list for PBXProject "Mac_GL" */;
			compatibilityVersion = "Xcode 3.2";
			developmentRegion = English;
			hasScannedForEncodings = 0;
			knownRegions = (
				en,
				Base,
			);
			mainGroup = 500B20131C4B41870002B53F;
			productRefGroup = 500B201D1C4B41870002B53F /* Products */;
			projectDirPath = "";
			projectRoot = "";
			targets = (
				500B201B1C4B41870002B53F /* Mac_GL */,
			);
		};
/* End PBXProject section */

/* Begin PBXResourcesBuildPhase section */
		500B201A1C4B41870002B53F /* Resources */ = {
			isa = PBXResourcesBuildPhase;
			buildActionMask = 2147483647;
			files = (
				500B20491C4B43BC0002B53F /* Roboto-Bold.ttf in Resources */,
				500B20481C4B43BC0002B53F /* DroidSans.ttf in Resources */,
				500B204B1C4B43BC0002B53F /* Roboto-Regular.ttf in Resources */,
				500B204A1C4B43BC0002B53F /* Roboto-Light.ttf in Resources */,
			);
			runOnlyForDeploymentPostprocessing = 0;
		};
/* End PBXResourcesBuildPhase section */

/* Begin PBXSourcesBuildPhase section */
		500B20181C4B41870002B53F /* Sources */ = {
			isa = PBXSourcesBuildPhase;
			buildActionMask = 2147483647;
			files = (
				500B20241C4B41870002B53F /* main.m in Sources */,
				500B20421C4B43A30002B53F /* zahnrad.c in Sources */,
				500B20401C4B43930002B53F /* ZahnradBackend.m in Sources */,
			);
			runOnlyForDeploymentPostprocessing = 0;
		};
/* End PBXSourcesBuildPhase section */

/* Begin XCBuildConfiguration section */
		500B202B1C4B41880002B53F /* Debug */ = {
			isa = XCBuildConfiguration;
			buildSettings = {
				ALWAYS_SEARCH_USER_PATHS = NO;
				CLANG_CXX_LANGUAGE_STANDARD = "gnu++0x";
				CLANG_CXX_LIBRARY = "libc++";
				CLANG_ENABLE_MODULES = YES;
				CLANG_ENABLE_OBJC_ARC = YES;
				CLANG_WARN_BOOL_CONVERSION = YES;
				CLANG_WARN_CONSTANT_CONVERSION = YES;
				CLANG_WARN_DIRECT_OBJC_ISA_USAGE = YES_ERROR;
				CLANG_WARN_EMPTY_BODY = YES;
				CLANG_WARN_ENUM_CONVERSION = YES;
				CLANG_WARN_INT_CONVERSION = YES;
				CLANG_WARN_OBJC_ROOT_CLASS = YES_ERROR;
				CLANG_WARN_UNREACHABLE_CODE = YES;
				CLANG_WARN__DUPLICATE_METHOD_MATCH = YES;
				CODE_SIGN_IDENTITY = "-";
				COPY_PHASE_STRIP = NO;
				DEBUG_INFORMATION_FORMAT = dwarf;
				ENABLE_STRICT_OBJC_MSGSEND = YES;
				ENABLE_TESTABILITY = YES;
				GCC_C_LANGUAGE_STANDARD = gnu99;
				GCC_DYNAMIC_NO_PIC = NO;
				GCC_NO_COMMON_BLOCKS = YES;
				GCC_OPTIMIZATION_LEVEL = 0;
				GCC_PREPROCESSOR_DEFINITIONS = (
					"DEBUG=1",
					"$(inherited)",
				);
				GCC_WARN_64_TO_32_BIT_CONVERSION = YES;
				GCC_WARN_ABOUT_RETURN_TYPE = YES_ERROR;
				GCC_WARN_UNDECLARED_SELECTOR = YES;
				GCC_WARN_UNINITIALIZED_AUTOS = YES_AGGRESSIVE;
				GCC_WARN_UNUSED_FUNCTION = YES;
				GCC_WARN_UNUSED_VARIABLE = YES;
				MACOSX_DEPLOYMENT_TARGET = 10.8;
				MTL_ENABLE_DEBUG_INFO = YES;
				ONLY_ACTIVE_ARCH = YES;
				SDKROOT = macosx;
			};
			name = Debug;
		};
		500B202C1C4B41880002B53F /* Release */ = {
			isa = XCBuildConfiguration;
			buildSettings = {
				ALWAYS_SEARCH_USER_PATHS = NO;
				CLANG_CXX_LANGUAGE_STANDARD = "gnu++0x";
				CLANG_CXX_LIBRARY = "libc++";
				CLANG_ENABLE_MODULES = YES;
				CLANG_ENABLE_OBJC_ARC = YES;
				CLANG_WARN_BOOL_CONVERSION = YES;
				CLANG_WARN_CONSTANT_CONVERSION = YES;
				CLANG_WARN_DIRECT_OBJC_ISA_USAGE = YES_ERROR;
				CLANG_WARN_EMPTY_BODY = YES;
				CLANG_WARN_ENUM_CONVERSION = YES;
				CLANG_WARN_INT_CONVERSION = YES;
				CLANG_WARN_OBJC_ROOT_CLASS = YES_ERROR;
				CLANG_WARN_UNREACHABLE_CODE = YES;
				CLANG_WARN__DUPLICATE_METHOD_MATCH = YES;
				CODE_SIGN_IDENTITY = "-";
				COPY_PHASE_STRIP = NO;
				DEBUG_INFORMATION_FORMAT = "dwarf-with-dsym";
				ENABLE_NS_ASSERTIONS = NO;
				ENABLE_STRICT_OBJC_MSGSEND = YES;
				GCC_C_LANGUAGE_STANDARD = gnu99;
				GCC_NO_COMMON_BLOCKS = YES;
				GCC_WARN_64_TO_32_BIT_CONVERSION = YES;
				GCC_WARN_ABOUT_RETURN_TYPE = YES_ERROR;
				GCC_WARN_UNDECLARED_SELECTOR = YES;
				GCC_WARN_UNINITIALIZED_AUTOS = YES_AGGRESSIVE;
				GCC_WARN_UNUSED_FUNCTION = YES;
				GCC_WARN_UNUSED_VARIABLE = YES;
				MACOSX_DEPLOYMENT_TARGET = 10.8;
				MTL_ENABLE_DEBUG_INFO = NO;
				SDKROOT = macosx;
			};
			name = Release;
		};
		500B202E1C4B41880002B53F /* Debug */ = {
			isa = XCBuildConfiguration;
			buildSettings = {
				COMBINE_HIDPI_IMAGES = YES;
				INFOPLIST_FILE = Mac_GL/Info.plist;
				LD_RUNPATH_SEARCH_PATHS = "$(inherited) @executable_path/../Frameworks";
				PRODUCT_BUNDLE_IDENTIFIER = "com.richi.Mac-GL";
				PRODUCT_NAME = "$(TARGET_NAME)";
			};
			name = Debug;
		};
		500B202F1C4B41880002B53F /* Release */ = {
			isa = XCBuildConfiguration;
			buildSettings = {
				COMBINE_HIDPI_IMAGES = YES;
				INFOPLIST_FILE = Mac_GL/Info.plist;
				LD_RUNPATH_SEARCH_PATHS = "$(inherited) @executable_path/../Frameworks";
				PRODUCT_BUNDLE_IDENTIFIER = "com.richi.Mac-GL";
				PRODUCT_NAME = "$(TARGET_NAME)";
			};
			name = Release;
		};
/* End XCBuildConfiguration section */

/* Begin XCConfigurationList section */
		500B20171C4B41870002B53F /* Build configuration list for PBXProject "Mac_GL" */ = {
			isa = XCConfigurationList;
			buildConfigurations = (
				500B202B1C4B41880002B53F /* Debug */,
				500B202C1C4B41880002B53F /* Release */,
			);
			defaultConfigurationIsVisible = 0;
			defaultConfigurationName = Release;
		};
		500B202D1C4B41880002B53F /* Build configuration list for PBXNativeTarget "Mac_GL" */ = {
			isa = XCConfigurationList;
			buildConfigurations = (
				500B202E1C4B41880002B53F /* Debug */,
				500B202F1C4B41880002B53F /* Release */,
			);
			defaultConfigurationIsVisible = 0;
			defaultConfigurationName = Release;
		};
/* End XCConfigurationList section */
	};
	rootObject = 500B20141C4B41870002B53F /* Project object */;
}
